
Microsoft Visual Studio Solution File, Format Version 12.00
# Visual Studio Version 17
VisualStudioVersion = 17.9.34728.123
MinimumVisualStudioVersion = 10.0.40219.1
Project("{FAE04EC0-301F-11D3-BF4B-00C04F79EFBC}") = "ASPCoreMVCTask1", "ASPCoreMVCTask1.csproj", "{D552C278-18F6-46CA-BEC6-88AD397803FF}"
EndProject
Global
	GlobalSection(SolutionConfigurationPlatforms) = preSolution
		Debug|Any CPU = Debug|Any CPU
		Release|Any CPU = Release|Any CPU
	EndGlobalSection
	GlobalSection(ProjectConfigurationPlatforms) = postSolution
		{D552C278-18F6-46CA-BEC6-88AD397803FF}.Debug|Any CPU.ActiveCfg = Debug|Any CPU
		{D552C278-18F6-46CA-BEC6-88AD397803FF}.Debug|Any CPU.Build.0 = Debug|Any CPU
		{D552C278-18F6-46CA-BEC6-88AD397803FF}.Release|Any CPU.ActiveCfg = Release|Any CPU
		{D552C278-18F6-46CA-BEC6-88AD397803FF}.Release|Any CPU.Build.0 = Release|Any CPU
	EndGlobalSection
	GlobalSection(SolutionProperties) = preSolution
		HideSolutionNode = FALSE
	EndGlobalSection
	GlobalSection(ExtensibilityGlobals) = postSolution
		SolutionGuid = {B5B4B35F-65DB-4E77-9448-CA17C91A8AA2}
	EndGlobalSection
EndGlobal
