
Microsoft Visual Studio Solution File, Format Version 12.00
# Visual Studio Version 17
VisualStudioVersion = 17.9.34728.123
MinimumVisualStudioVersion = 10.0.40219.1
Project("{FAE04EC0-301F-11D3-BF4B-00C04F79EFBC}") = "ASPCoreTask1MVC", "ASPCoreTask1MVC.csproj", "{754BD541-78BF-4A2F-B479-07856E99A5F7}"
EndProject
Global
	GlobalSection(SolutionConfigurationPlatforms) = preSolution
		Debug|Any CPU = Debug|Any CPU
		Release|Any CPU = Release|Any CPU
	EndGlobalSection
	GlobalSection(ProjectConfigurationPlatforms) = postSolution
		{754BD541-78BF-4A2F-B479-07856E99A5F7}.Debug|Any CPU.ActiveCfg = Debug|Any CPU
		{754BD541-78BF-4A2F-B479-07856E99A5F7}.Debug|Any CPU.Build.0 = Debug|Any CPU
		{754BD541-78BF-4A2F-B479-07856E99A5F7}.Release|Any CPU.ActiveCfg = Release|Any CPU
		{754BD541-78BF-4A2F-B479-07856E99A5F7}.Release|Any CPU.Build.0 = Release|Any CPU
	EndGlobalSection
	GlobalSection(SolutionProperties) = preSolution
		HideSolutionNode = FALSE
	EndGlobalSection
	GlobalSection(ExtensibilityGlobals) = postSolution
		SolutionGuid = {5F74D6AF-DF6A-4311-BFB9-7D788A78FF93}
	EndGlobalSection
EndGlobal
