
Microsoft Visual Studio Solution File, Format Version 12.00
# Visual Studio Version 17
VisualStudioVersion = 17.9.34728.123
MinimumVisualStudioVersion = 10.0.40219.1
Project("{FAE04EC0-301F-11D3-BF4B-00C04F79EFBC}") = "DemoASPNetFramework", "DemoASPNetFramework.csproj", "{DF511D2E-8A2E-4D72-8E54-DF35EBDA3833}"
EndProject
Global
	GlobalSection(SolutionConfigurationPlatforms) = preSolution
		Debug|Any CPU = Debug|Any CPU
		Release|Any CPU = Release|Any CPU
	EndGlobalSection
	GlobalSection(ProjectConfigurationPlatforms) = postSolution
		{DF511D2E-8A2E-4D72-8E54-DF35EBDA3833}.Debug|Any CPU.ActiveCfg = Debug|Any CPU
		{DF511D2E-8A2E-4D72-8E54-DF35EBDA3833}.Debug|Any CPU.Build.0 = Debug|Any CPU
		{DF511D2E-8A2E-4D72-8E54-DF35EBDA3833}.Release|Any CPU.ActiveCfg = Release|Any CPU
		{DF511D2E-8A2E-4D72-8E54-DF35EBDA3833}.Release|Any CPU.Build.0 = Release|Any CPU
	EndGlobalSection
	GlobalSection(SolutionProperties) = preSolution
		HideSolutionNode = FALSE
	EndGlobalSection
	GlobalSection(ExtensibilityGlobals) = postSolution
		SolutionGuid = {103BA9BE-94D4-4E59-9A40-D6BD881C38D5}
	EndGlobalSection
EndGlobal
