
Microsoft Visual Studio Solution File, Format Version 12.00
# Visual Studio Version 17
VisualStudioVersion = 17.9.34728.123
MinimumVisualStudioVersion = 10.0.40219.1
Project("{FAE04EC0-301F-11D3-BF4B-00C04F79EFBC}") = "LoginFSD.Server", "LoginFSD.Server\LoginFSD.Server.csproj", "{92605867-1FE8-4314-B44D-B673099EFDE9}"
EndProject
Project("{54A90642-561A-4BB1-A94E-469ADEE60C69}") = "loginfsd.client", "loginfsd.client\loginfsd.client.esproj", "{35819732-EE30-4EF0-80AD-FC025C2FB048}"
EndProject
Global
	GlobalSection(SolutionConfigurationPlatforms) = preSolution
		Debug|Any CPU = Debug|Any CPU
		Release|Any CPU = Release|Any CPU
	EndGlobalSection
	GlobalSection(ProjectConfigurationPlatforms) = postSolution
		{92605867-1FE8-4314-B44D-B673099EFDE9}.Debug|Any CPU.ActiveCfg = Debug|Any CPU
		{92605867-1FE8-4314-B44D-B673099EFDE9}.Debug|Any CPU.Build.0 = Debug|Any CPU
		{92605867-1FE8-4314-B44D-B673099EFDE9}.Release|Any CPU.ActiveCfg = Release|Any CPU
		{92605867-1FE8-4314-B44D-B673099EFDE9}.Release|Any CPU.Build.0 = Release|Any CPU
		{35819732-EE30-4EF0-80AD-FC025C2FB048}.Debug|Any CPU.ActiveCfg = Debug|Any CPU
		{35819732-EE30-4EF0-80AD-FC025C2FB048}.Debug|Any CPU.Build.0 = Debug|Any CPU
		{35819732-EE30-4EF0-80AD-FC025C2FB048}.Debug|Any CPU.Deploy.0 = Debug|Any CPU
		{35819732-EE30-4EF0-80AD-FC025C2FB048}.Release|Any CPU.ActiveCfg = Release|Any CPU
		{35819732-EE30-4EF0-80AD-FC025C2FB048}.Release|Any CPU.Build.0 = Release|Any CPU
		{35819732-EE30-4EF0-80AD-FC025C2FB048}.Release|Any CPU.Deploy.0 = Release|Any CPU
	EndGlobalSection
	GlobalSection(SolutionProperties) = preSolution
		HideSolutionNode = FALSE
	EndGlobalSection
	GlobalSection(ExtensibilityGlobals) = postSolution
		SolutionGuid = {32053562-3903-40B9-910D-56284177A440}
	EndGlobalSection
EndGlobal
